
Microsoft Visual Studio Solution File, Format Version 12.00
# Visual Studio Version 17
VisualStudioVersion = 17.8.34330.188
MinimumVisualStudioVersion = 10.0.40219.1
Project("{FAE04EC0-301F-11D3-BF4B-00C04F79EFBC}") = "ECommerce.API", "ECommerce.API\ECommerce.API.csproj", "{F724ED85-5BFD-4376-80BB-59C191D50894}"
EndProject
Project("{FAE04EC0-301F-11D3-BF4B-00C04F79EFBC}") = "ECommerce.Domain", "ECommerce.Domain\ECommerce.Domain.csproj", "{93EC6A00-9A56-43F6-B19E-A6DC10BDC25C}"
EndProject
Global
	GlobalSection(SolutionConfigurationPlatforms) = preSolution
		Debug|Any CPU = Debug|Any CPU
		Release|Any CPU = Release|Any CPU
	EndGlobalSection
	GlobalSection(ProjectConfigurationPlatforms) = postSolution
		{F724ED85-5BFD-4376-80BB-59C191D50894}.Debug|Any CPU.ActiveCfg = Debug|Any CPU
		{F724ED85-5BFD-4376-80BB-59C191D50894}.Debug|Any CPU.Build.0 = Debug|Any CPU
		{F724ED85-5BFD-4376-80BB-59C191D50894}.Release|Any CPU.ActiveCfg = Release|Any CPU
		{F724ED85-5BFD-4376-80BB-59C191D50894}.Release|Any CPU.Build.0 = Release|Any CPU
		{93EC6A00-9A56-43F6-B19E-A6DC10BDC25C}.Debug|Any CPU.ActiveCfg = Debug|Any CPU
		{93EC6A00-9A56-43F6-B19E-A6DC10BDC25C}.Debug|Any CPU.Build.0 = Debug|Any CPU
		{93EC6A00-9A56-43F6-B19E-A6DC10BDC25C}.Release|Any CPU.ActiveCfg = Release|Any CPU
		{93EC6A00-9A56-43F6-B19E-A6DC10BDC25C}.Release|Any CPU.Build.0 = Release|Any CPU
	EndGlobalSection
	GlobalSection(SolutionProperties) = preSolution
		HideSolutionNode = FALSE
	EndGlobalSection
	GlobalSection(ExtensibilityGlobals) = postSolution
		SolutionGuid = {72C01278-5173-4D96-8E5C-CDE3932A05DE}
	EndGlobalSection
EndGlobal
